// !$*UTF8*$!
{
	archiveVersion = 1;
	classes = {
	};
	objectVersion = 55;
	objects = {

/* Begin PBXBuildFile section */
		550F6CB5277BF24A00119C4F /* AppDelegate.swift in Sources */ = {isa = PBXBuildFile; fileRef = 550F6CB4277BF24A00119C4F /* AppDelegate.swift */; };
		550F6CB7277BF24A00119C4F /* SceneDelegate.swift in Sources */ = {isa = PBXBuildFile; fileRef = 550F6CB6277BF24A00119C4F /* SceneDelegate.swift */; };
		550F6CBE277BF24D00119C4F /* Assets.xcassets in Resources */ = {isa = PBXBuildFile; fileRef = 550F6CBD277BF24D00119C4F /* Assets.xcassets */; };
		550F6CC1277BF24D00119C4F /* LaunchScreen.storyboard in Resources */ = {isa = PBXBuildFile; fileRef = 550F6CBF277BF24D00119C4F /* LaunchScreen.storyboard */; };
		550F6CCC277BF24D00119C4F /* Combine_TutorialTests.swift in Sources */ = {isa = PBXBuildFile; fileRef = 550F6CCB277BF24D00119C4F /* Combine_TutorialTests.swift */; };
		550F6CD6277BF24D00119C4F /* Combine_TutorialUITests.swift in Sources */ = {isa = PBXBuildFile; fileRef = 550F6CD5277BF24D00119C4F /* Combine_TutorialUITests.swift */; };
		550F6CD8277BF24D00119C4F /* Combine_TutorialUITestsLaunchTests.swift in Sources */ = {isa = PBXBuildFile; fileRef = 550F6CD7277BF24D00119C4F /* Combine_TutorialUITestsLaunchTests.swift */; };
		550F6CE5277BF29200119C4F /* FirstExampleViewController.swift in Sources */ = {isa = PBXBuildFile; fileRef = 550F6CE4277BF29200119C4F /* FirstExampleViewController.swift */; };
		550F6CE7277BF37000119C4F /* SecondExampleViewController.swift in Sources */ = {isa = PBXBuildFile; fileRef = 550F6CE6277BF37000119C4F /* SecondExampleViewController.swift */; };
		550F6CE9277BF3E600119C4F /* ThirdExampleViewController.swift in Sources */ = {isa = PBXBuildFile; fileRef = 550F6CE8277BF3E500119C4F /* ThirdExampleViewController.swift */; };
/* End PBXBuildFile section */

/* Begin PBXContainerItemProxy section */
		550F6CC8277BF24D00119C4F /* PBXContainerItemProxy */ = {
			isa = PBXContainerItemProxy;
			containerPortal = 550F6CA9277BF24A00119C4F /* Project object */;
			proxyType = 1;
			remoteGlobalIDString = 550F6CB0277BF24A00119C4F;
			remoteInfo = "Combine Tutorial";
		};
		550F6CD2277BF24D00119C4F /* PBXContainerItemProxy */ = {
			isa = PBXContainerItemProxy;
			containerPortal = 550F6CA9277BF24A00119C4F /* Project object */;
			proxyType = 1;
			remoteGlobalIDString = 550F6CB0277BF24A00119C4F;
			remoteInfo = "Combine Tutorial";
		};
/* End PBXContainerItemProxy section */

/* Begin PBXFileReference section */
		550F6CB1277BF24A00119C4F /* Combine Tutorial.app */ = {isa = PBXFileReference; explicitFileType = wrapper.application; includeInIndex = 0; path = "Combine Tutorial.app"; sourceTree = BUILT_PRODUCTS_DIR; };
		550F6CB4277BF24A00119C4F /* AppDelegate.swift */ = {isa = PBXFileReference; lastKnownFileType = sourcecode.swift; path = AppDelegate.swift; sourceTree = "<group>"; };
		550F6CB6277BF24A00119C4F /* SceneDelegate.swift */ = {isa = PBXFileReference; lastKnownFileType = sourcecode.swift; path = SceneDelegate.swift; sourceTree = "<group>"; };
		550F6CBD277BF24D00119C4F /* Assets.xcassets */ = {isa = PBXFileReference; lastKnownFileType = folder.assetcatalog; path = Assets.xcassets; sourceTree = "<group>"; };
		550F6CC0277BF24D00119C4F /* Base */ = {isa = PBXFileReference; lastKnownFileType = file.storyboard; name = Base; path = Base.lproj/LaunchScreen.storyboard; sourceTree = "<group>"; };
		550F6CC2277BF24D00119C4F /* Info.plist */ = {isa = PBXFileReference; lastKnownFileType = text.plist.xml; path = Info.plist; sourceTree = "<group>"; };
		550F6CC7277BF24D00119C4F /* Combine TutorialTests.xctest */ = {isa = PBXFileReference; explicitFileType = wrapper.cfbundle; includeInIndex = 0; path = "Combine TutorialTests.xctest"; sourceTree = BUILT_PRODUCTS_DIR; };
		550F6CCB277BF24D00119C4F /* Combine_TutorialTests.swift */ = {isa = PBXFileReference; lastKnownFileType = sourcecode.swift; path = Combine_TutorialTests.swift; sourceTree = "<group>"; };
		550F6CD1277BF24D00119C4F /* Combine TutorialUITests.xctest */ = {isa = PBXFileReference; explicitFileType = wrapper.cfbundle; includeInIndex = 0; path = "Combine TutorialUITests.xctest"; sourceTree = BUILT_PRODUCTS_DIR; };
		550F6CD5277BF24D00119C4F /* Combine_TutorialUITests.swift */ = {isa = PBXFileReference; lastKnownFileType = sourcecode.swift; path = Combine_TutorialUITests.swift; sourceTree = "<group>"; };
		550F6CD7277BF24D00119C4F /* Combine_TutorialUITestsLaunchTests.swift */ = {isa = PBXFileReference; lastKnownFileType = sourcecode.swift; path = Combine_TutorialUITestsLaunchTests.swift; sourceTree = "<group>"; };
		550F6CE4277BF29200119C4F /* FirstExampleViewController.swift */ = {isa = PBXFileReference; lastKnownFileType = sourcecode.swift; path = FirstExampleViewController.swift; sourceTree = "<group>"; };
		550F6CE6277BF37000119C4F /* SecondExampleViewController.swift */ = {isa = PBXFileReference; lastKnownFileType = sourcecode.swift; path = SecondExampleViewController.swift; sourceTree = "<group>"; };
		550F6CE8277BF3E500119C4F /* ThirdExampleViewController.swift */ = {isa = PBXFileReference; lastKnownFileType = sourcecode.swift; path = ThirdExampleViewController.swift; sourceTree = "<group>"; };
/* End PBXFileReference section */

/* Begin PBXFrameworksBuildPhase section */
		550F6CAE277BF24A00119C4F /* Frameworks */ = {
			isa = PBXFrameworksBuildPhase;
			buildActionMask = 2147483647;
			files = (
			);
			runOnlyForDeploymentPostprocessing = 0;
		};
		550F6CC4277BF24D00119C4F /* Frameworks */ = {
			isa = PBXFrameworksBuildPhase;
			buildActionMask = 2147483647;
			files = (
			);
			runOnlyForDeploymentPostprocessing = 0;
		};
		550F6CCE277BF24D00119C4F /* Frameworks */ = {
			isa = PBXFrameworksBuildPhase;
			buildActionMask = 2147483647;
			files = (
			);
			runOnlyForDeploymentPostprocessing = 0;
		};
/* End PBXFrameworksBuildPhase section */

/* Begin PBXGroup section */
		550F6CA8277BF24A00119C4F = {
			isa = PBXGroup;
			children = (
				550F6CB3277BF24A00119C4F /* Combine Tutorial */,
				550F6CCA277BF24D00119C4F /* Combine TutorialTests */,
				550F6CD4277BF24D00119C4F /* Combine TutorialUITests */,
				550F6CB2277BF24A00119C4F /* Products */,
			);
			sourceTree = "<group>";
		};
		550F6CB2277BF24A00119C4F /* Products */ = {
			isa = PBXGroup;
			children = (
				550F6CB1277BF24A00119C4F /* Combine Tutorial.app */,
				550F6CC7277BF24D00119C4F /* Combine TutorialTests.xctest */,
				550F6CD1277BF24D00119C4F /* Combine TutorialUITests.xctest */,
			);
			name = Products;
			sourceTree = "<group>";
		};
		550F6CB3277BF24A00119C4F /* Combine Tutorial */ = {
			isa = PBXGroup;
			children = (
				550F6CB4277BF24A00119C4F /* AppDelegate.swift */,
				550F6CB6277BF24A00119C4F /* SceneDelegate.swift */,
				550F6CE4277BF29200119C4F /* FirstExampleViewController.swift */,
				550F6CE6277BF37000119C4F /* SecondExampleViewController.swift */,
				550F6CE8277BF3E500119C4F /* ThirdExampleViewController.swift */,
				550F6CBD277BF24D00119C4F /* Assets.xcassets */,
				550F6CBF277BF24D00119C4F /* LaunchScreen.storyboard */,
				550F6CC2277BF24D00119C4F /* Info.plist */,
			);
			path = "Combine Tutorial";
			sourceTree = "<group>";
		};
		550F6CCA277BF24D00119C4F /* Combine TutorialTests */ = {
			isa = PBXGroup;
			children = (
				550F6CCB277BF24D00119C4F /* Combine_TutorialTests.swift */,
			);
			path = "Combine TutorialTests";
			sourceTree = "<group>";
		};
		550F6CD4277BF24D00119C4F /* Combine TutorialUITests */ = {
			isa = PBXGroup;
			children = (
				550F6CD5277BF24D00119C4F /* Combine_TutorialUITests.swift */,
				550F6CD7277BF24D00119C4F /* Combine_TutorialUITestsLaunchTests.swift */,
			);
			path = "Combine TutorialUITests";
			sourceTree = "<group>";
		};
/* End PBXGroup section */

/* Begin PBXNativeTarget section */
		550F6CB0277BF24A00119C4F /* Combine Tutorial */ = {
			isa = PBXNativeTarget;
			buildConfigurationList = 550F6CDB277BF24D00119C4F /* Build configuration list for PBXNativeTarget "Combine Tutorial" */;
			buildPhases = (
				550F6CAD277BF24A00119C4F /* Sources */,
				550F6CAE277BF24A00119C4F /* Frameworks */,
				550F6CAF277BF24A00119C4F /* Resources */,
			);
			buildRules = (
			);
			dependencies = (
			);
			name = "Combine Tutorial";
			productName = "Combine Tutorial";
			productReference = 550F6CB1277BF24A00119C4F /* Combine Tutorial.app */;
			productType = "com.apple.product-type.application";
		};
		550F6CC6277BF24D00119C4F /* Combine TutorialTests */ = {
			isa = PBXNativeTarget;
			buildConfigurationList = 550F6CDE277BF24D00119C4F /* Build configuration list for PBXNativeTarget "Combine TutorialTests" */;
			buildPhases = (
				550F6CC3277BF24D00119C4F /* Sources */,
				550F6CC4277BF24D00119C4F /* Frameworks */,
				550F6CC5277BF24D00119C4F /* Resources */,
			);
			buildRules = (
			);
			dependencies = (
				550F6CC9277BF24D00119C4F /* PBXTargetDependency */,
			);
			name = "Combine TutorialTests";
			productName = "Combine TutorialTests";
			productReference = 550F6CC7277BF24D00119C4F /* Combine TutorialTests.xctest */;
			productType = "com.apple.product-type.bundle.unit-test";
		};
		550F6CD0277BF24D00119C4F /* Combine TutorialUITests */ = {
			isa = PBXNativeTarget;
			buildConfigurationList = 550F6CE1277BF24D00119C4F /* Build configuration list for PBXNativeTarget "Combine TutorialUITests" */;
			buildPhases = (
				550F6CCD277BF24D00119C4F /* Sources */,
				550F6CCE277BF24D00119C4F /* Frameworks */,
				550F6CCF277BF24D00119C4F /* Resources */,
			);
			buildRules = (
			);
			dependencies = (
				550F6CD3277BF24D00119C4F /* PBXTargetDependency */,
			);
			name = "Combine TutorialUITests";
			productName = "Combine TutorialUITests";
			productReference = 550F6CD1277BF24D00119C4F /* Combine TutorialUITests.xctest */;
			productType = "com.apple.product-type.bundle.ui-testing";
		};
/* End PBXNativeTarget section */

/* Begin PBXProject section */
		550F6CA9277BF24A00119C4F /* Project object */ = {
			isa = PBXProject;
			attributes = {
				BuildIndependentTargetsInParallel = 1;
				LastSwiftUpdateCheck = 1310;
				LastUpgradeCheck = 1310;
				TargetAttributes = {
					550F6CB0277BF24A00119C4F = {
						CreatedOnToolsVersion = 13.1;
					};
					550F6CC6277BF24D00119C4F = {
						CreatedOnToolsVersion = 13.1;
						TestTargetID = 550F6CB0277BF24A00119C4F;
					};
					550F6CD0277BF24D00119C4F = {
						CreatedOnToolsVersion = 13.1;
						TestTargetID = 550F6CB0277BF24A00119C4F;
					};
				};
			};
			buildConfigurationList = 550F6CAC277BF24A00119C4F /* Build configuration list for PBXProject "Combine Tutorial" */;
			compatibilityVersion = "Xcode 13.0";
			developmentRegion = en;
			hasScannedForEncodings = 0;
			knownRegions = (
				en,
				Base,
			);
			mainGroup = 550F6CA8277BF24A00119C4F;
			productRefGroup = 550F6CB2277BF24A00119C4F /* Products */;
			projectDirPath = "";
			projectRoot = "";
			targets = (
				550F6CB0277BF24A00119C4F /* Combine Tutorial */,
				550F6CC6277BF24D00119C4F /* Combine TutorialTests */,
				550F6CD0277BF24D00119C4F /* Combine TutorialUITests */,
			);
		};
/* End PBXProject section */

/* Begin PBXResourcesBuildPhase section */
		550F6CAF277BF24A00119C4F /* Resources */ = {
			isa = PBXResourcesBuildPhase;
			buildActionMask = 2147483647;
			files = (
				550F6CC1277BF24D00119C4F /* LaunchScreen.storyboard in Resources */,
				550F6CBE277BF24D00119C4F /* Assets.xcassets in Resources */,
			);
			runOnlyForDeploymentPostprocessing = 0;
		};
		550F6CC5277BF24D00119C4F /* Resources */ = {
			isa = PBXResourcesBuildPhase;
			buildActionMask = 2147483647;
			files = (
			);
			runOnlyForDeploymentPostprocessing = 0;
		};
		550F6CCF277BF24D00119C4F /* Resources */ = {
			isa = PBXResourcesBuildPhase;
			buildActionMask = 2147483647;
			files = (
			);
			runOnlyForDeploymentPostprocessing = 0;
		};
/* End PBXResourcesBuildPhase section */

/* Begin PBXSourcesBuildPhase section */
		550F6CAD277BF24A00119C4F /* Sources */ = {
			isa = PBXSourcesBuildPhase;
			buildActionMask = 2147483647;
			files = (
				550F6CE9277BF3E600119C4F /* ThirdExampleViewController.swift in Sources */,
				550F6CE5277BF29200119C4F /* FirstExampleViewController.swift in Sources */,
				550F6CE7277BF37000119C4F /* SecondExampleViewController.swift in Sources */,
				550F6CB5277BF24A00119C4F /* AppDelegate.swift in Sources */,
				550F6CB7277BF24A00119C4F /* SceneDelegate.swift in Sources */,
			);
			runOnlyForDeploymentPostprocessing = 0;
		};
		550F6CC3277BF24D00119C4F /* Sources */ = {
			isa = PBXSourcesBuildPhase;
			buildActionMask = 2147483647;
			files = (
				550F6CCC277BF24D00119C4F /* Combine_TutorialTests.swift in Sources */,
			);
			runOnlyForDeploymentPostprocessing = 0;
		};
		550F6CCD277BF24D00119C4F /* Sources */ = {
			isa = PBXSourcesBuildPhase;
			buildActionMask = 2147483647;
			files = (
				550F6CD8277BF24D00119C4F /* Combine_TutorialUITestsLaunchTests.swift in Sources */,
				550F6CD6277BF24D00119C4F /* Combine_TutorialUITests.swift in Sources */,
			);
			runOnlyForDeploymentPostprocessing = 0;
		};
/* End PBXSourcesBuildPhase section */

/* Begin PBXTargetDependency section */
		550F6CC9277BF24D00119C4F /* PBXTargetDependency */ = {
			isa = PBXTargetDependency;
			target = 550F6CB0277BF24A00119C4F /* Combine Tutorial */;
			targetProxy = 550F6CC8277BF24D00119C4F /* PBXContainerItemProxy */;
		};
		550F6CD3277BF24D00119C4F /* PBXTargetDependency */ = {
			isa = PBXTargetDependency;
			target = 550F6CB0277BF24A00119C4F /* Combine Tutorial */;
			targetProxy = 550F6CD2277BF24D00119C4F /* PBXContainerItemProxy */;
		};
/* End PBXTargetDependency section */

/* Begin PBXVariantGroup section */
		550F6CBF277BF24D00119C4F /* LaunchScreen.storyboard */ = {
			isa = PBXVariantGroup;
			children = (
				550F6CC0277BF24D00119C4F /* Base */,
			);
			name = LaunchScreen.storyboard;
			sourceTree = "<group>";
		};
/* End PBXVariantGroup section */

/* Begin XCBuildConfiguration section */
		550F6CD9277BF24D00119C4F /* Debug */ = {
			isa = XCBuildConfiguration;
			buildSettings = {
				ALWAYS_SEARCH_USER_PATHS = NO;
				CLANG_ANALYZER_NONNULL = YES;
				CLANG_ANALYZER_NUMBER_OBJECT_CONVERSION = YES_AGGRESSIVE;
				CLANG_CXX_LANGUAGE_STANDARD = "gnu++17";
				CLANG_CXX_LIBRARY = "libc++";
				CLANG_ENABLE_MODULES = YES;
				CLANG_ENABLE_OBJC_ARC = YES;
				CLANG_ENABLE_OBJC_WEAK = YES;
				CLANG_WARN_BLOCK_CAPTURE_AUTORELEASING = YES;
				CLANG_WARN_BOOL_CONVERSION = YES;
				CLANG_WARN_COMMA = YES;
				CLANG_WARN_CONSTANT_CONVERSION = YES;
				CLANG_WARN_DEPRECATED_OBJC_IMPLEMENTATIONS = YES;
				CLANG_WARN_DIRECT_OBJC_ISA_USAGE = YES_ERROR;
				CLANG_WARN_DOCUMENTATION_COMMENTS = YES;
				CLANG_WARN_EMPTY_BODY = YES;
				CLANG_WARN_ENUM_CONVERSION = YES;
				CLANG_WARN_INFINITE_RECURSION = YES;
				CLANG_WARN_INT_CONVERSION = YES;
				CLANG_WARN_NON_LITERAL_NULL_CONVERSION = YES;
				CLANG_WARN_OBJC_IMPLICIT_RETAIN_SELF = YES;
				CLANG_WARN_OBJC_LITERAL_CONVERSION = YES;
				CLANG_WARN_OBJC_ROOT_CLASS = YES_ERROR;
				CLANG_WARN_QUOTED_INCLUDE_IN_FRAMEWORK_HEADER = YES;
				CLANG_WARN_RANGE_LOOP_ANALYSIS = YES;
				CLANG_WARN_STRICT_PROTOTYPES = YES;
				CLANG_WARN_SUSPICIOUS_MOVE = YES;
				CLANG_WARN_UNGUARDED_AVAILABILITY = YES_AGGRESSIVE;
				CLANG_WARN_UNREACHABLE_CODE = YES;
				CLANG_WARN__DUPLICATE_METHOD_MATCH = YES;
				COPY_PHASE_STRIP = NO;
				DEBUG_INFORMATION_FORMAT = dwarf;
				ENABLE_STRICT_OBJC_MSGSEND = YES;
				ENABLE_TESTABILITY = YES;
				GCC_C_LANGUAGE_STANDARD = gnu11;
				GCC_DYNAMIC_NO_PIC = NO;
				GCC_NO_COMMON_BLOCKS = YES;
				GCC_OPTIMIZATION_LEVEL = 0;
				GCC_PREPROCESSOR_DEFINITIONS = (
					"DEBUG=1",
					"$(inherited)",
				);
				GCC_WARN_64_TO_32_BIT_CONVERSION = YES;
				GCC_WARN_ABOUT_RETURN_TYPE = YES_ERROR;
				GCC_WARN_UNDECLARED_SELECTOR = YES;
				GCC_WARN_UNINITIALIZED_AUTOS = YES_AGGRESSIVE;
				GCC_WARN_UNUSED_FUNCTION = YES;
				GCC_WARN_UNUSED_VARIABLE = YES;
				IPHONEOS_DEPLOYMENT_TARGET = 15.0;
				MTL_ENABLE_DEBUG_INFO = INCLUDE_SOURCE;
				MTL_FAST_MATH = YES;
				ONLY_ACTIVE_ARCH = YES;
				SDKROOT = iphoneos;
				SWIFT_ACTIVE_COMPILATION_CONDITIONS = DEBUG;
				SWIFT_OPTIMIZATION_LEVEL = "-Onone";
			};
			name = Debug;
		};
		550F6CDA277BF24D00119C4F /* Release */ = {
			isa = XCBuildConfiguration;
			buildSettings = {
				ALWAYS_SEARCH_USER_PATHS = NO;
				CLANG_ANALYZER_NONNULL = YES;
				CLANG_ANALYZER_NUMBER_OBJECT_CONVERSION = YES_AGGRESSIVE;
				CLANG_CXX_LANGUAGE_STANDARD = "gnu++17";
				CLANG_CXX_LIBRARY = "libc++";
				CLANG_ENABLE_MODULES = YES;
				CLANG_ENABLE_OBJC_ARC = YES;
				CLANG_ENABLE_OBJC_WEAK = YES;
				CLANG_WARN_BLOCK_CAPTURE_AUTORELEASING = YES;
				CLANG_WARN_BOOL_CONVERSION = YES;
				CLANG_WARN_COMMA = YES;
				CLANG_WARN_CONSTANT_CONVERSION = YES;
				CLANG_WARN_DEPRECATED_OBJC_IMPLEMENTATIONS = YES;
				CLANG_WARN_DIRECT_OBJC_ISA_USAGE = YES_ERROR;
				CLANG_WARN_DOCUMENTATION_COMMENTS = YES;
				CLANG_WARN_EMPTY_BODY = YES;
				CLANG_WARN_ENUM_CONVERSION = YES;
				CLANG_WARN_INFINITE_RECURSION = YES;
				CLANG_WARN_INT_CONVERSION = YES;
				CLANG_WARN_NON_LITERAL_NULL_CONVERSION = YES;
				CLANG_WARN_OBJC_IMPLICIT_RETAIN_SELF = YES;
				CLANG_WARN_OBJC_LITERAL_CONVERSION = YES;
				CLANG_WARN_OBJC_ROOT_CLASS = YES_ERROR;
				CLANG_WARN_QUOTED_INCLUDE_IN_FRAMEWORK_HEADER = YES;
				CLANG_WARN_RANGE_LOOP_ANALYSIS = YES;
				CLANG_WARN_STRICT_PROTOTYPES = YES;
				CLANG_WARN_SUSPICIOUS_MOVE = YES;
				CLANG_WARN_UNGUARDED_AVAILABILITY = YES_AGGRESSIVE;
				CLANG_WARN_UNREACHABLE_CODE = YES;
				CLANG_WARN__DUPLICATE_METHOD_MATCH = YES;
				COPY_PHASE_STRIP = NO;
				DEBUG_INFORMATION_FORMAT = "dwarf-with-dsym";
				ENABLE_NS_ASSERTIONS = NO;
				ENABLE_STRICT_OBJC_MSGSEND = YES;
				GCC_C_LANGUAGE_STANDARD = gnu11;
				GCC_NO_COMMON_BLOCKS = YES;
				GCC_WARN_64_TO_32_BIT_CONVERSION = YES;
				GCC_WARN_ABOUT_RETURN_TYPE = YES_ERROR;
				GCC_WARN_UNDECLARED_SELECTOR = YES;
				GCC_WARN_UNINITIALIZED_AUTOS = YES_AGGRESSIVE;
				GCC_WARN_UNUSED_FUNCTION = YES;
				GCC_WARN_UNUSED_VARIABLE = YES;
				IPHONEOS_DEPLOYMENT_TARGET = 15.0;
				MTL_ENABLE_DEBUG_INFO = NO;
				MTL_FAST_MATH = YES;
				SDKROOT = iphoneos;
				SWIFT_COMPILATION_MODE = wholemodule;
				SWIFT_OPTIMIZATION_LEVEL = "-O";
				VALIDATE_PRODUCT = YES;
			};
			name = Release;
		};
		550F6CDC277BF24D00119C4F /* Debug */ = {
			isa = XCBuildConfiguration;
			buildSettings = {
				ASSETCATALOG_COMPILER_APPICON_NAME = AppIcon;
				ASSETCATALOG_COMPILER_GLOBAL_ACCENT_COLOR_NAME = AccentColor;
				CODE_SIGN_STYLE = Automatic;
				CURRENT_PROJECT_VERSION = 1;
				DEVELOPMENT_TEAM = YVUPDJXNRC;
				GENERATE_INFOPLIST_FILE = YES;
				INFOPLIST_FILE = "Combine Tutorial/Info.plist";
				INFOPLIST_KEY_UIApplicationSupportsIndirectInputEvents = YES;
				INFOPLIST_KEY_UILaunchStoryboardName = LaunchScreen;
				INFOPLIST_KEY_UISupportedInterfaceOrientations_iPad = "UIInterfaceOrientationPortrait UIInterfaceOrientationPortraitUpsideDown UIInterfaceOrientationLandscapeLeft UIInterfaceOrientationLandscapeRight";
				INFOPLIST_KEY_UISupportedInterfaceOrientations_iPhone = "UIInterfaceOrientationPortrait UIInterfaceOrientationLandscapeLeft UIInterfaceOrientationLandscapeRight";
				LD_RUNPATH_SEARCH_PATHS = (
					"$(inherited)",
					"@executable_path/Frameworks",
				);
				MARKETING_VERSION = 1.0;
				PRODUCT_BUNDLE_IDENTIFIER = "com.FelipeVidal.Combine-Tutorial";
				PRODUCT_NAME = "$(TARGET_NAME)";
				SWIFT_EMIT_LOC_STRINGS = YES;
				SWIFT_VERSION = 5.0;
				TARGETED_DEVICE_FAMILY = "1,2";
			};
			name = Debug;
		};
		550F6CDD277BF24D00119C4F /* Release */ = {
			isa = XCBuildConfiguration;
			buildSettings = {
				ASSETCATALOG_COMPILER_APPICON_NAME = AppIcon;
				ASSETCATALOG_COMPILER_GLOBAL_ACCENT_COLOR_NAME = AccentColor;
				CODE_SIGN_STYLE = Automatic;
				CURRENT_PROJECT_VERSION = 1;
				DEVELOPMENT_TEAM = YVUPDJXNRC;
				GENERATE_INFOPLIST_FILE = YES;
				INFOPLIST_FILE = "Combine Tutorial/Info.plist";
				INFOPLIST_KEY_UIApplicationSupportsIndirectInputEvents = YES;
				INFOPLIST_KEY_UILaunchStoryboardName = LaunchScreen;
				INFOPLIST_KEY_UISupportedInterfaceOrientations_iPad = "UIInterfaceOrientationPortrait UIInterfaceOrientationPortraitUpsideDown UIInterfaceOrientationLandscapeLeft UIInterfaceOrientationLandscapeRight";
				INFOPLIST_KEY_UISupportedInterfaceOrientations_iPhone = "UIInterfaceOrientationPortrait UIInterfaceOrientationLandscapeLeft UIInterfaceOrientationLandscapeRight";
				LD_RUNPATH_SEARCH_PATHS = (
					"$(inherited)",
					"@executable_path/Frameworks",
				);
				MARKETING_VERSION = 1.0;
				PRODUCT_BUNDLE_IDENTIFIER = "com.FelipeVidal.Combine-Tutorial";
				PRODUCT_NAME = "$(TARGET_NAME)";
				SWIFT_EMIT_LOC_STRINGS = YES;
				SWIFT_VERSION = 5.0;
				TARGETED_DEVICE_FAMILY = "1,2";
			};
			name = Release;
		};
		550F6CDF277BF24D00119C4F /* Debug */ = {
			isa = XCBuildConfiguration;
			buildSettings = {
				ALWAYS_EMBED_SWIFT_STANDARD_LIBRARIES = YES;
				BUNDLE_LOADER = "$(TEST_HOST)";
				CODE_SIGN_STYLE = Automatic;
				CURRENT_PROJECT_VERSION = 1;
				DEVELOPMENT_TEAM = YVUPDJXNRC;
				GENERATE_INFOPLIST_FILE = YES;
				IPHONEOS_DEPLOYMENT_TARGET = 15.0;
				LD_RUNPATH_SEARCH_PATHS = (
					"$(inherited)",
					"@executable_path/Frameworks",
					"@loader_path/Frameworks",
				);
				MARKETING_VERSION = 1.0;
				PRODUCT_BUNDLE_IDENTIFIER = "com.FelipeVidal.Combine-TutorialTests";
				PRODUCT_NAME = "$(TARGET_NAME)";
				SWIFT_EMIT_LOC_STRINGS = NO;
				SWIFT_VERSION = 5.0;
				TARGETED_DEVICE_FAMILY = "1,2";
				TEST_HOST = "$(BUILT_PRODUCTS_DIR)/Combine Tutorial.app/Combine Tutorial";
			};
			name = Debug;
		};
		550F6CE0277BF24D00119C4F /* Release */ = {
			isa = XCBuildConfiguration;
			buildSettings = {
				ALWAYS_EMBED_SWIFT_STANDARD_LIBRARIES = YES;
				BUNDLE_LOADER = "$(TEST_HOST)";
				CODE_SIGN_STYLE = Automatic;
				CURRENT_PROJECT_VERSION = 1;
				DEVELOPMENT_TEAM = YVUPDJXNRC;
				GENERATE_INFOPLIST_FILE = YES;
				IPHONEOS_DEPLOYMENT_TARGET = 15.0;
				LD_RUNPATH_SEARCH_PATHS = (
					"$(inherited)",
					"@executable_path/Frameworks",
					"@loader_path/Frameworks",
				);
				MARKETING_VERSION = 1.0;
				PRODUCT_BUNDLE_IDENTIFIER = "com.FelipeVidal.Combine-TutorialTests";
				PRODUCT_NAME = "$(TARGET_NAME)";
				SWIFT_EMIT_LOC_STRINGS = NO;
				SWIFT_VERSION = 5.0;
				TARGETED_DEVICE_FAMILY = "1,2";
				TEST_HOST = "$(BUILT_PRODUCTS_DIR)/Combine Tutorial.app/Combine Tutorial";
			};
			name = Release;
		};
		550F6CE2277BF24D00119C4F /* Debug */ = {
			isa = XCBuildConfiguration;
			buildSettings = {
				ALWAYS_EMBED_SWIFT_STANDARD_LIBRARIES = YES;
				CODE_SIGN_STYLE = Automatic;
				CURRENT_PROJECT_VERSION = 1;
				DEVELOPMENT_TEAM = YVUPDJXNRC;
				GENERATE_INFOPLIST_FILE = YES;
				LD_RUNPATH_SEARCH_PATHS = (
					"$(inherited)",
					"@executable_path/Frameworks",
					"@loader_path/Frameworks",
				);
				MARKETING_VERSION = 1.0;
				PRODUCT_BUNDLE_IDENTIFIER = "com.FelipeVidal.Combine-TutorialUITests";
				PRODUCT_NAME = "$(TARGET_NAME)";
				SWIFT_EMIT_LOC_STRINGS = NO;
				SWIFT_VERSION = 5.0;
				TARGETED_DEVICE_FAMILY = "1,2";
				TEST_TARGET_NAME = "Combine Tutorial";
			};
			name = Debug;
		};
		550F6CE3277BF24D00119C4F /* Release */ = {
			isa = XCBuildConfiguration;
			buildSettings = {
				ALWAYS_EMBED_SWIFT_STANDARD_LIBRARIES = YES;
				CODE_SIGN_STYLE = Automatic;
				CURRENT_PROJECT_VERSION = 1;
				DEVELOPMENT_TEAM = YVUPDJXNRC;
				GENERATE_INFOPLIST_FILE = YES;
				LD_RUNPATH_SEARCH_PATHS = (
					"$(inherited)",
					"@executable_path/Frameworks",
					"@loader_path/Frameworks",
				);
				MARKETING_VERSION = 1.0;
				PRODUCT_BUNDLE_IDENTIFIER = "com.FelipeVidal.Combine-TutorialUITests";
				PRODUCT_NAME = "$(TARGET_NAME)";
				SWIFT_EMIT_LOC_STRINGS = NO;
				SWIFT_VERSION = 5.0;
				TARGETED_DEVICE_FAMILY = "1,2";
				TEST_TARGET_NAME = "Combine Tutorial";
			};
			name = Release;
		};
/* End XCBuildConfiguration section */

/* Begin XCConfigurationList section */
		550F6CAC277BF24A00119C4F /* Build configuration list for PBXProject "Combine Tutorial" */ = {
			isa = XCConfigurationList;
			buildConfigurations = (
				550F6CD9277BF24D00119C4F /* Debug */,
				550F6CDA277BF24D00119C4F /* Release */,
			);
			defaultConfigurationIsVisible = 0;
			defaultConfigurationName = Release;
		};
		550F6CDB277BF24D00119C4F /* Build configuration list for PBXNativeTarget "Combine Tutorial" */ = {
			isa = XCConfigurationList;
			buildConfigurations = (
				550F6CDC277BF24D00119C4F /* Debug */,
				550F6CDD277BF24D00119C4F /* Release */,
			);
			defaultConfigurationIsVisible = 0;
			defaultConfigurationName = Release;
		};
		550F6CDE277BF24D00119C4F /* Build configuration list for PBXNativeTarget "Combine TutorialTests" */ = {
			isa = XCConfigurationList;
			buildConfigurations = (
				550F6CDF277BF24D00119C4F /* Debug */,
				550F6CE0277BF24D00119C4F /* Release */,
			);
			defaultConfigurationIsVisible = 0;
			defaultConfigurationName = Release;
		};
		550F6CE1277BF24D00119C4F /* Build configuration list for PBXNativeTarget "Combine TutorialUITests" */ = {
			isa = XCConfigurationList;
			buildConfigurations = (
				550F6CE2277BF24D00119C4F /* Debug */,
				550F6CE3277BF24D00119C4F /* Release */,
			);
			defaultConfigurationIsVisible = 0;
			defaultConfigurationName = Release;
		};
/* End XCConfigurationList section */
	};
	rootObject = 550F6CA9277BF24A00119C4F /* Project object */;
}
